
Microsoft Visual Studio Solution File, Format Version 12.00
# Visual Studio 14
VisualStudioVersion = 14.0.25420.1
MinimumVisualStudioVersion = 10.0.40219.1
Project("{8BC9CEB8-8B4A-11D0-8D11-00A0C91BC942}") = "3", "machine_course_3\machine_course_3.vcxproj", "{8F0BA098-D114-4352-B5FE-BBC91E08E653}"
EndProject
Project("{8BC9CEB8-8B4A-11D0-8D11-00A0C91BC942}") = "1", "111\111.vcxproj", "{A982E5FB-2F33-4DAC-A155-05681862FF10}"
EndProject
Project("{8BC9CEB8-8B4A-11D0-8D11-00A0C91BC942}") = "2", "2\2.vcxproj", "{1C198AAB-C28D-4577-9DE6-73401734E70F}"
EndProject
Project("{8BC9CEB8-8B4A-11D0-8D11-00A0C91BC942}") = "4", "4\4.vcxproj", "{F30488A2-5BD2-4289-B516-02155472CA06}"
EndProject
Project("{8BC9CEB8-8B4A-11D0-8D11-00A0C91BC942}") = "5", "5\5.vcxproj", "{25C6C74D-1DBD-4C50-8152-05F7748986BE}"
EndProject
Project("{8BC9CEB8-8B4A-11D0-8D11-00A0C91BC942}") = "6", "6\6.vcxproj", "{EA4A8D7D-A341-4659-830B-1FC374BD74D1}"
EndProject
Global
	GlobalSection(SolutionConfigurationPlatforms) = preSolution
		Debug|x64 = Debug|x64
		Debug|x86 = Debug|x86
		Release|x64 = Release|x64
		Release|x86 = Release|x86
	EndGlobalSection
	GlobalSection(ProjectConfigurationPlatforms) = postSolution
		{8F0BA098-D114-4352-B5FE-BBC91E08E653}.Debug|x64.ActiveCfg = Debug|x64
		{8F0BA098-D114-4352-B5FE-BBC91E08E653}.Debug|x64.Build.0 = Debug|x64
		{8F0BA098-D114-4352-B5FE-BBC91E08E653}.Debug|x86.ActiveCfg = Debug|Win32
		{8F0BA098-D114-4352-B5FE-BBC91E08E653}.Debug|x86.Build.0 = Debug|Win32
		{8F0BA098-D114-4352-B5FE-BBC91E08E653}.Release|x64.ActiveCfg = Release|x64
		{8F0BA098-D114-4352-B5FE-BBC91E08E653}.Release|x64.Build.0 = Release|x64
		{8F0BA098-D114-4352-B5FE-BBC91E08E653}.Release|x86.ActiveCfg = Release|Win32
		{8F0BA098-D114-4352-B5FE-BBC91E08E653}.Release|x86.Build.0 = Release|Win32
		{A982E5FB-2F33-4DAC-A155-05681862FF10}.Debug|x64.ActiveCfg = Debug|x64
		{A982E5FB-2F33-4DAC-A155-05681862FF10}.Debug|x64.Build.0 = Debug|x64
		{A982E5FB-2F33-4DAC-A155-05681862FF10}.Debug|x86.ActiveCfg = Debug|Win32
		{A982E5FB-2F33-4DAC-A155-05681862FF10}.Debug|x86.Build.0 = Debug|Win32
		{A982E5FB-2F33-4DAC-A155-05681862FF10}.Release|x64.ActiveCfg = Release|x64
		{A982E5FB-2F33-4DAC-A155-05681862FF10}.Release|x64.Build.0 = Release|x64
		{A982E5FB-2F33-4DAC-A155-05681862FF10}.Release|x86.ActiveCfg = Release|Win32
		{A982E5FB-2F33-4DAC-A155-05681862FF10}.Release|x86.Build.0 = Release|Win32
		{1C198AAB-C28D-4577-9DE6-73401734E70F}.Debug|x64.ActiveCfg = Debug|x64
		{1C198AAB-C28D-4577-9DE6-73401734E70F}.Debug|x64.Build.0 = Debug|x64
		{1C198AAB-C28D-4577-9DE6-73401734E70F}.Debug|x86.ActiveCfg = Debug|Win32
		{1C198AAB-C28D-4577-9DE6-73401734E70F}.Debug|x86.Build.0 = Debug|Win32
		{1C198AAB-C28D-4577-9DE6-73401734E70F}.Release|x64.ActiveCfg = Release|x64
		{1C198AAB-C28D-4577-9DE6-73401734E70F}.Release|x64.Build.0 = Release|x64
		{1C198AAB-C28D-4577-9DE6-73401734E70F}.Release|x86.ActiveCfg = Release|Win32
		{1C198AAB-C28D-4577-9DE6-73401734E70F}.Release|x86.Build.0 = Release|Win32
		{F30488A2-5BD2-4289-B516-02155472CA06}.Debug|x64.ActiveCfg = Debug|x64
		{F30488A2-5BD2-4289-B516-02155472CA06}.Debug|x64.Build.0 = Debug|x64
		{F30488A2-5BD2-4289-B516-02155472CA06}.Debug|x86.ActiveCfg = Debug|Win32
		{F30488A2-5BD2-4289-B516-02155472CA06}.Debug|x86.Build.0 = Debug|Win32
		{F30488A2-5BD2-4289-B516-02155472CA06}.Release|x64.ActiveCfg = Release|x64
		{F30488A2-5BD2-4289-B516-02155472CA06}.Release|x64.Build.0 = Release|x64
		{F30488A2-5BD2-4289-B516-02155472CA06}.Release|x86.ActiveCfg = Release|Win32
		{F30488A2-5BD2-4289-B516-02155472CA06}.Release|x86.Build.0 = Release|Win32
		{25C6C74D-1DBD-4C50-8152-05F7748986BE}.Debug|x64.ActiveCfg = Debug|x64
		{25C6C74D-1DBD-4C50-8152-05F7748986BE}.Debug|x64.Build.0 = Debug|x64
		{25C6C74D-1DBD-4C50-8152-05F7748986BE}.Debug|x86.ActiveCfg = Debug|Win32
		{25C6C74D-1DBD-4C50-8152-05F7748986BE}.Debug|x86.Build.0 = Debug|Win32
		{25C6C74D-1DBD-4C50-8152-05F7748986BE}.Release|x64.ActiveCfg = Release|x64
		{25C6C74D-1DBD-4C50-8152-05F7748986BE}.Release|x64.Build.0 = Release|x64
		{25C6C74D-1DBD-4C50-8152-05F7748986BE}.Release|x86.ActiveCfg = Release|Win32
		{25C6C74D-1DBD-4C50-8152-05F7748986BE}.Release|x86.Build.0 = Release|Win32
		{EA4A8D7D-A341-4659-830B-1FC374BD74D1}.Debug|x64.ActiveCfg = Debug|x64
		{EA4A8D7D-A341-4659-830B-1FC374BD74D1}.Debug|x64.Build.0 = Debug|x64
		{EA4A8D7D-A341-4659-830B-1FC374BD74D1}.Debug|x86.ActiveCfg = Debug|Win32
		{EA4A8D7D-A341-4659-830B-1FC374BD74D1}.Debug|x86.Build.0 = Debug|Win32
		{EA4A8D7D-A341-4659-830B-1FC374BD74D1}.Release|x64.ActiveCfg = Release|x64
		{EA4A8D7D-A341-4659-830B-1FC374BD74D1}.Release|x64.Build.0 = Release|x64
		{EA4A8D7D-A341-4659-830B-1FC374BD74D1}.Release|x86.ActiveCfg = Release|Win32
		{EA4A8D7D-A341-4659-830B-1FC374BD74D1}.Release|x86.Build.0 = Release|Win32
	EndGlobalSection
	GlobalSection(SolutionProperties) = preSolution
		HideSolutionNode = FALSE
	EndGlobalSection
EndGlobal
