
Microsoft Visual Studio Solution File, Format Version 12.00
# Visual Studio 14
VisualStudioVersion = 14.0.25420.1
MinimumVisualStudioVersion = 10.0.40219.1
Project("{8BC9CEB8-8B4A-11D0-8D11-00A0C91BC942}") = "1", "machine_course_6\machine_course_6.vcxproj", "{CB157DFC-CF50-49FC-BD2A-BE7B4C9F0135}"
EndProject
Project("{8BC9CEB8-8B4A-11D0-8D11-00A0C91BC942}") = "2", "2\2.vcxproj", "{63C2A930-8B9E-4847-B67F-FB3114518B3B}"
EndProject
Global
	GlobalSection(SolutionConfigurationPlatforms) = preSolution
		Debug|x64 = Debug|x64
		Debug|x86 = Debug|x86
		Release|x64 = Release|x64
		Release|x86 = Release|x86
	EndGlobalSection
	GlobalSection(ProjectConfigurationPlatforms) = postSolution
		{CB157DFC-CF50-49FC-BD2A-BE7B4C9F0135}.Debug|x64.ActiveCfg = Debug|x64
		{CB157DFC-CF50-49FC-BD2A-BE7B4C9F0135}.Debug|x64.Build.0 = Debug|x64
		{CB157DFC-CF50-49FC-BD2A-BE7B4C9F0135}.Debug|x86.ActiveCfg = Debug|Win32
		{CB157DFC-CF50-49FC-BD2A-BE7B4C9F0135}.Debug|x86.Build.0 = Debug|Win32
		{CB157DFC-CF50-49FC-BD2A-BE7B4C9F0135}.Release|x64.ActiveCfg = Release|x64
		{CB157DFC-CF50-49FC-BD2A-BE7B4C9F0135}.Release|x64.Build.0 = Release|x64
		{CB157DFC-CF50-49FC-BD2A-BE7B4C9F0135}.Release|x86.ActiveCfg = Release|Win32
		{CB157DFC-CF50-49FC-BD2A-BE7B4C9F0135}.Release|x86.Build.0 = Release|Win32
		{63C2A930-8B9E-4847-B67F-FB3114518B3B}.Debug|x64.ActiveCfg = Debug|x64
		{63C2A930-8B9E-4847-B67F-FB3114518B3B}.Debug|x64.Build.0 = Debug|x64
		{63C2A930-8B9E-4847-B67F-FB3114518B3B}.Debug|x86.ActiveCfg = Debug|Win32
		{63C2A930-8B9E-4847-B67F-FB3114518B3B}.Debug|x86.Build.0 = Debug|Win32
		{63C2A930-8B9E-4847-B67F-FB3114518B3B}.Release|x64.ActiveCfg = Release|x64
		{63C2A930-8B9E-4847-B67F-FB3114518B3B}.Release|x64.Build.0 = Release|x64
		{63C2A930-8B9E-4847-B67F-FB3114518B3B}.Release|x86.ActiveCfg = Release|Win32
		{63C2A930-8B9E-4847-B67F-FB3114518B3B}.Release|x86.Build.0 = Release|Win32
	EndGlobalSection
	GlobalSection(SolutionProperties) = preSolution
		HideSolutionNode = FALSE
	EndGlobalSection
EndGlobal
