
Microsoft Visual Studio Solution File, Format Version 12.00
# Visual Studio 14
VisualStudioVersion = 14.0.25420.1
MinimumVisualStudioVersion = 10.0.40219.1
Project("{8BC9CEB8-8B4A-11D0-8D11-00A0C91BC942}") = "3", "machine_course_4\machine_course_4.vcxproj", "{EFD0AB0E-6F2D-4823-8FDA-39B444292AEA}"
EndProject
Project("{8BC9CEB8-8B4A-11D0-8D11-00A0C91BC942}") = "1", "1\1.vcxproj", "{06AB4324-27DE-4E17-9453-20C824AFC221}"
EndProject
Project("{8BC9CEB8-8B4A-11D0-8D11-00A0C91BC942}") = "2_1", "2\2.vcxproj", "{D9C63CB8-5547-4D60-94D8-09F85DE30B4E}"
EndProject
Project("{8BC9CEB8-8B4A-11D0-8D11-00A0C91BC942}") = "2_2", "2_2\2_2.vcxproj", "{E42972CC-EE10-4E13-A896-98FA571C36A1}"
EndProject
Project("{8BC9CEB8-8B4A-11D0-8D11-00A0C91BC942}") = "2_3", "2_3\2_3.vcxproj", "{772F269B-4B36-4A63-8CBD-C09AD306547C}"
EndProject
Project("{8BC9CEB8-8B4A-11D0-8D11-00A0C91BC942}") = "2_4", "2_4\2_4.vcxproj", "{89F503F1-F3A8-4C5A-BB24-091471B08DBF}"
EndProject
Project("{8BC9CEB8-8B4A-11D0-8D11-00A0C91BC942}") = "4", "4\4.vcxproj", "{2A6DC196-448F-4A08-8F34-609791DAAD55}"
EndProject
Project("{8BC9CEB8-8B4A-11D0-8D11-00A0C91BC942}") = "5", "5\5.vcxproj", "{4ED14142-766E-4A0F-96C9-06229132304C}"
EndProject
Global
	GlobalSection(SolutionConfigurationPlatforms) = preSolution
		Debug|x64 = Debug|x64
		Debug|x86 = Debug|x86
		Release|x64 = Release|x64
		Release|x86 = Release|x86
	EndGlobalSection
	GlobalSection(ProjectConfigurationPlatforms) = postSolution
		{EFD0AB0E-6F2D-4823-8FDA-39B444292AEA}.Debug|x64.ActiveCfg = Debug|x64
		{EFD0AB0E-6F2D-4823-8FDA-39B444292AEA}.Debug|x64.Build.0 = Debug|x64
		{EFD0AB0E-6F2D-4823-8FDA-39B444292AEA}.Debug|x86.ActiveCfg = Debug|Win32
		{EFD0AB0E-6F2D-4823-8FDA-39B444292AEA}.Debug|x86.Build.0 = Debug|Win32
		{EFD0AB0E-6F2D-4823-8FDA-39B444292AEA}.Release|x64.ActiveCfg = Release|x64
		{EFD0AB0E-6F2D-4823-8FDA-39B444292AEA}.Release|x64.Build.0 = Release|x64
		{EFD0AB0E-6F2D-4823-8FDA-39B444292AEA}.Release|x86.ActiveCfg = Release|Win32
		{EFD0AB0E-6F2D-4823-8FDA-39B444292AEA}.Release|x86.Build.0 = Release|Win32
		{06AB4324-27DE-4E17-9453-20C824AFC221}.Debug|x64.ActiveCfg = Debug|x64
		{06AB4324-27DE-4E17-9453-20C824AFC221}.Debug|x64.Build.0 = Debug|x64
		{06AB4324-27DE-4E17-9453-20C824AFC221}.Debug|x86.ActiveCfg = Debug|Win32
		{06AB4324-27DE-4E17-9453-20C824AFC221}.Debug|x86.Build.0 = Debug|Win32
		{06AB4324-27DE-4E17-9453-20C824AFC221}.Release|x64.ActiveCfg = Release|x64
		{06AB4324-27DE-4E17-9453-20C824AFC221}.Release|x64.Build.0 = Release|x64
		{06AB4324-27DE-4E17-9453-20C824AFC221}.Release|x86.ActiveCfg = Release|Win32
		{06AB4324-27DE-4E17-9453-20C824AFC221}.Release|x86.Build.0 = Release|Win32
		{D9C63CB8-5547-4D60-94D8-09F85DE30B4E}.Debug|x64.ActiveCfg = Debug|x64
		{D9C63CB8-5547-4D60-94D8-09F85DE30B4E}.Debug|x64.Build.0 = Debug|x64
		{D9C63CB8-5547-4D60-94D8-09F85DE30B4E}.Debug|x86.ActiveCfg = Debug|Win32
		{D9C63CB8-5547-4D60-94D8-09F85DE30B4E}.Debug|x86.Build.0 = Debug|Win32
		{D9C63CB8-5547-4D60-94D8-09F85DE30B4E}.Release|x64.ActiveCfg = Release|x64
		{D9C63CB8-5547-4D60-94D8-09F85DE30B4E}.Release|x64.Build.0 = Release|x64
		{D9C63CB8-5547-4D60-94D8-09F85DE30B4E}.Release|x86.ActiveCfg = Release|Win32
		{D9C63CB8-5547-4D60-94D8-09F85DE30B4E}.Release|x86.Build.0 = Release|Win32
		{E42972CC-EE10-4E13-A896-98FA571C36A1}.Debug|x64.ActiveCfg = Debug|x64
		{E42972CC-EE10-4E13-A896-98FA571C36A1}.Debug|x64.Build.0 = Debug|x64
		{E42972CC-EE10-4E13-A896-98FA571C36A1}.Debug|x86.ActiveCfg = Debug|Win32
		{E42972CC-EE10-4E13-A896-98FA571C36A1}.Debug|x86.Build.0 = Debug|Win32
		{E42972CC-EE10-4E13-A896-98FA571C36A1}.Release|x64.ActiveCfg = Release|x64
		{E42972CC-EE10-4E13-A896-98FA571C36A1}.Release|x64.Build.0 = Release|x64
		{E42972CC-EE10-4E13-A896-98FA571C36A1}.Release|x86.ActiveCfg = Release|Win32
		{E42972CC-EE10-4E13-A896-98FA571C36A1}.Release|x86.Build.0 = Release|Win32
		{772F269B-4B36-4A63-8CBD-C09AD306547C}.Debug|x64.ActiveCfg = Debug|x64
		{772F269B-4B36-4A63-8CBD-C09AD306547C}.Debug|x64.Build.0 = Debug|x64
		{772F269B-4B36-4A63-8CBD-C09AD306547C}.Debug|x86.ActiveCfg = Debug|Win32
		{772F269B-4B36-4A63-8CBD-C09AD306547C}.Debug|x86.Build.0 = Debug|Win32
		{772F269B-4B36-4A63-8CBD-C09AD306547C}.Release|x64.ActiveCfg = Release|x64
		{772F269B-4B36-4A63-8CBD-C09AD306547C}.Release|x64.Build.0 = Release|x64
		{772F269B-4B36-4A63-8CBD-C09AD306547C}.Release|x86.ActiveCfg = Release|Win32
		{772F269B-4B36-4A63-8CBD-C09AD306547C}.Release|x86.Build.0 = Release|Win32
		{89F503F1-F3A8-4C5A-BB24-091471B08DBF}.Debug|x64.ActiveCfg = Debug|x64
		{89F503F1-F3A8-4C5A-BB24-091471B08DBF}.Debug|x64.Build.0 = Debug|x64
		{89F503F1-F3A8-4C5A-BB24-091471B08DBF}.Debug|x86.ActiveCfg = Debug|Win32
		{89F503F1-F3A8-4C5A-BB24-091471B08DBF}.Debug|x86.Build.0 = Debug|Win32
		{89F503F1-F3A8-4C5A-BB24-091471B08DBF}.Release|x64.ActiveCfg = Release|x64
		{89F503F1-F3A8-4C5A-BB24-091471B08DBF}.Release|x64.Build.0 = Release|x64
		{89F503F1-F3A8-4C5A-BB24-091471B08DBF}.Release|x86.ActiveCfg = Release|Win32
		{89F503F1-F3A8-4C5A-BB24-091471B08DBF}.Release|x86.Build.0 = Release|Win32
		{2A6DC196-448F-4A08-8F34-609791DAAD55}.Debug|x64.ActiveCfg = Debug|x64
		{2A6DC196-448F-4A08-8F34-609791DAAD55}.Debug|x64.Build.0 = Debug|x64
		{2A6DC196-448F-4A08-8F34-609791DAAD55}.Debug|x86.ActiveCfg = Debug|Win32
		{2A6DC196-448F-4A08-8F34-609791DAAD55}.Debug|x86.Build.0 = Debug|Win32
		{2A6DC196-448F-4A08-8F34-609791DAAD55}.Release|x64.ActiveCfg = Release|x64
		{2A6DC196-448F-4A08-8F34-609791DAAD55}.Release|x64.Build.0 = Release|x64
		{2A6DC196-448F-4A08-8F34-609791DAAD55}.Release|x86.ActiveCfg = Release|Win32
		{2A6DC196-448F-4A08-8F34-609791DAAD55}.Release|x86.Build.0 = Release|Win32
		{4ED14142-766E-4A0F-96C9-06229132304C}.Debug|x64.ActiveCfg = Debug|x64
		{4ED14142-766E-4A0F-96C9-06229132304C}.Debug|x64.Build.0 = Debug|x64
		{4ED14142-766E-4A0F-96C9-06229132304C}.Debug|x86.ActiveCfg = Debug|Win32
		{4ED14142-766E-4A0F-96C9-06229132304C}.Debug|x86.Build.0 = Debug|Win32
		{4ED14142-766E-4A0F-96C9-06229132304C}.Release|x64.ActiveCfg = Release|x64
		{4ED14142-766E-4A0F-96C9-06229132304C}.Release|x64.Build.0 = Release|x64
		{4ED14142-766E-4A0F-96C9-06229132304C}.Release|x86.ActiveCfg = Release|Win32
		{4ED14142-766E-4A0F-96C9-06229132304C}.Release|x86.Build.0 = Release|Win32
	EndGlobalSection
	GlobalSection(SolutionProperties) = preSolution
		HideSolutionNode = FALSE
	EndGlobalSection
EndGlobal
