
Microsoft Visual Studio Solution File, Format Version 12.00
# Visual Studio 14
VisualStudioVersion = 14.0.25420.1
MinimumVisualStudioVersion = 10.0.40219.1
Project("{8BC9CEB8-8B4A-11D0-8D11-00A0C91BC942}") = "1", "machine_course_13\machine_course_13.vcxproj", "{3967648B-3BE0-4FA1-BBD5-5AA64F5ADDC2}"
EndProject
Project("{8BC9CEB8-8B4A-11D0-8D11-00A0C91BC942}") = "2", "2\2.vcxproj", "{869DA6CB-9287-44B6-90BC-93A523442621}"
EndProject
Global
	GlobalSection(SolutionConfigurationPlatforms) = preSolution
		Debug|x64 = Debug|x64
		Debug|x86 = Debug|x86
		Release|x64 = Release|x64
		Release|x86 = Release|x86
	EndGlobalSection
	GlobalSection(ProjectConfigurationPlatforms) = postSolution
		{3967648B-3BE0-4FA1-BBD5-5AA64F5ADDC2}.Debug|x64.ActiveCfg = Debug|x64
		{3967648B-3BE0-4FA1-BBD5-5AA64F5ADDC2}.Debug|x64.Build.0 = Debug|x64
		{3967648B-3BE0-4FA1-BBD5-5AA64F5ADDC2}.Debug|x86.ActiveCfg = Debug|Win32
		{3967648B-3BE0-4FA1-BBD5-5AA64F5ADDC2}.Debug|x86.Build.0 = Debug|Win32
		{3967648B-3BE0-4FA1-BBD5-5AA64F5ADDC2}.Release|x64.ActiveCfg = Release|x64
		{3967648B-3BE0-4FA1-BBD5-5AA64F5ADDC2}.Release|x64.Build.0 = Release|x64
		{3967648B-3BE0-4FA1-BBD5-5AA64F5ADDC2}.Release|x86.ActiveCfg = Release|Win32
		{3967648B-3BE0-4FA1-BBD5-5AA64F5ADDC2}.Release|x86.Build.0 = Release|Win32
		{869DA6CB-9287-44B6-90BC-93A523442621}.Debug|x64.ActiveCfg = Debug|x64
		{869DA6CB-9287-44B6-90BC-93A523442621}.Debug|x64.Build.0 = Debug|x64
		{869DA6CB-9287-44B6-90BC-93A523442621}.Debug|x86.ActiveCfg = Debug|Win32
		{869DA6CB-9287-44B6-90BC-93A523442621}.Debug|x86.Build.0 = Debug|Win32
		{869DA6CB-9287-44B6-90BC-93A523442621}.Release|x64.ActiveCfg = Release|x64
		{869DA6CB-9287-44B6-90BC-93A523442621}.Release|x64.Build.0 = Release|x64
		{869DA6CB-9287-44B6-90BC-93A523442621}.Release|x86.ActiveCfg = Release|Win32
		{869DA6CB-9287-44B6-90BC-93A523442621}.Release|x86.Build.0 = Release|Win32
	EndGlobalSection
	GlobalSection(SolutionProperties) = preSolution
		HideSolutionNode = FALSE
	EndGlobalSection
EndGlobal
