
Microsoft Visual Studio Solution File, Format Version 12.00
# Visual Studio 14
VisualStudioVersion = 14.0.25420.1
MinimumVisualStudioVersion = 10.0.40219.1
Project("{8BC9CEB8-8B4A-11D0-8D11-00A0C91BC942}") = "2", "machine_course_5\machine_course_5.vcxproj", "{B28701CB-8D78-4BCE-8A07-6F625263272E}"
EndProject
Project("{8BC9CEB8-8B4A-11D0-8D11-00A0C91BC942}") = "1", "1\1.vcxproj", "{996D855B-5DD7-4990-9D57-7ECBEAF0256E}"
EndProject
Project("{8BC9CEB8-8B4A-11D0-8D11-00A0C91BC942}") = "3", "3\3.vcxproj", "{3C45A7A3-C41D-4048-AC28-39F3A6536420}"
EndProject
Project("{8BC9CEB8-8B4A-11D0-8D11-00A0C91BC942}") = "4", "4\4.vcxproj", "{C537E2E2-ED1B-4C9B-9E09-920658652237}"
EndProject
Global
	GlobalSection(SolutionConfigurationPlatforms) = preSolution
		Debug|x64 = Debug|x64
		Debug|x86 = Debug|x86
		Release|x64 = Release|x64
		Release|x86 = Release|x86
	EndGlobalSection
	GlobalSection(ProjectConfigurationPlatforms) = postSolution
		{B28701CB-8D78-4BCE-8A07-6F625263272E}.Debug|x64.ActiveCfg = Debug|x64
		{B28701CB-8D78-4BCE-8A07-6F625263272E}.Debug|x64.Build.0 = Debug|x64
		{B28701CB-8D78-4BCE-8A07-6F625263272E}.Debug|x86.ActiveCfg = Debug|Win32
		{B28701CB-8D78-4BCE-8A07-6F625263272E}.Debug|x86.Build.0 = Debug|Win32
		{B28701CB-8D78-4BCE-8A07-6F625263272E}.Release|x64.ActiveCfg = Release|x64
		{B28701CB-8D78-4BCE-8A07-6F625263272E}.Release|x64.Build.0 = Release|x64
		{B28701CB-8D78-4BCE-8A07-6F625263272E}.Release|x86.ActiveCfg = Release|Win32
		{B28701CB-8D78-4BCE-8A07-6F625263272E}.Release|x86.Build.0 = Release|Win32
		{996D855B-5DD7-4990-9D57-7ECBEAF0256E}.Debug|x64.ActiveCfg = Debug|x64
		{996D855B-5DD7-4990-9D57-7ECBEAF0256E}.Debug|x64.Build.0 = Debug|x64
		{996D855B-5DD7-4990-9D57-7ECBEAF0256E}.Debug|x86.ActiveCfg = Debug|Win32
		{996D855B-5DD7-4990-9D57-7ECBEAF0256E}.Debug|x86.Build.0 = Debug|Win32
		{996D855B-5DD7-4990-9D57-7ECBEAF0256E}.Release|x64.ActiveCfg = Release|x64
		{996D855B-5DD7-4990-9D57-7ECBEAF0256E}.Release|x64.Build.0 = Release|x64
		{996D855B-5DD7-4990-9D57-7ECBEAF0256E}.Release|x86.ActiveCfg = Release|Win32
		{996D855B-5DD7-4990-9D57-7ECBEAF0256E}.Release|x86.Build.0 = Release|Win32
		{3C45A7A3-C41D-4048-AC28-39F3A6536420}.Debug|x64.ActiveCfg = Debug|x64
		{3C45A7A3-C41D-4048-AC28-39F3A6536420}.Debug|x64.Build.0 = Debug|x64
		{3C45A7A3-C41D-4048-AC28-39F3A6536420}.Debug|x86.ActiveCfg = Debug|Win32
		{3C45A7A3-C41D-4048-AC28-39F3A6536420}.Debug|x86.Build.0 = Debug|Win32
		{3C45A7A3-C41D-4048-AC28-39F3A6536420}.Release|x64.ActiveCfg = Release|x64
		{3C45A7A3-C41D-4048-AC28-39F3A6536420}.Release|x64.Build.0 = Release|x64
		{3C45A7A3-C41D-4048-AC28-39F3A6536420}.Release|x86.ActiveCfg = Release|Win32
		{3C45A7A3-C41D-4048-AC28-39F3A6536420}.Release|x86.Build.0 = Release|Win32
		{C537E2E2-ED1B-4C9B-9E09-920658652237}.Debug|x64.ActiveCfg = Debug|x64
		{C537E2E2-ED1B-4C9B-9E09-920658652237}.Debug|x64.Build.0 = Debug|x64
		{C537E2E2-ED1B-4C9B-9E09-920658652237}.Debug|x86.ActiveCfg = Debug|Win32
		{C537E2E2-ED1B-4C9B-9E09-920658652237}.Debug|x86.Build.0 = Debug|Win32
		{C537E2E2-ED1B-4C9B-9E09-920658652237}.Release|x64.ActiveCfg = Release|x64
		{C537E2E2-ED1B-4C9B-9E09-920658652237}.Release|x64.Build.0 = Release|x64
		{C537E2E2-ED1B-4C9B-9E09-920658652237}.Release|x86.ActiveCfg = Release|Win32
		{C537E2E2-ED1B-4C9B-9E09-920658652237}.Release|x86.Build.0 = Release|Win32
	EndGlobalSection
	GlobalSection(SolutionProperties) = preSolution
		HideSolutionNode = FALSE
	EndGlobalSection
EndGlobal
